
Microsoft Visual Studio Solution File, Format Version 12.00
# Visual Studio Version 16
VisualStudioVersion = 16.0.29215.179
MinimumVisualStudioVersion = 10.0.40219.1
Project("{FAE04EC0-301F-11D3-BF4B-00C04F79EFBC}") = "FuzzyDates", "FuzzyDates\FuzzyDates.csproj", "{972E6561-2276-41BB-869C-86B45A41A581}"
EndProject
Project("{FAE04EC0-301F-11D3-BF4B-00C04F79EFBC}") = "FuzzyDates.Tests", "FuzzyDates.Tests\FuzzyDates.Tests.csproj", "{316D6968-EF59-4AF8-85E7-D9D7B5579168}"
EndProject
Global
	GlobalSection(SolutionConfigurationPlatforms) = preSolution
		Debug|Any CPU = Debug|Any CPU
		Release|Any CPU = Release|Any CPU
	EndGlobalSection
	GlobalSection(ProjectConfigurationPlatforms) = postSolution
		{972E6561-2276-41BB-869C-86B45A41A581}.Debug|Any CPU.ActiveCfg = Debug|Any CPU
		{972E6561-2276-41BB-869C-86B45A41A581}.Debug|Any CPU.Build.0 = Debug|Any CPU
		{972E6561-2276-41BB-869C-86B45A41A581}.Release|Any CPU.ActiveCfg = Release|Any CPU
		{972E6561-2276-41BB-869C-86B45A41A581}.Release|Any CPU.Build.0 = Release|Any CPU
		{316D6968-EF59-4AF8-85E7-D9D7B5579168}.Debug|Any CPU.ActiveCfg = Debug|Any CPU
		{316D6968-EF59-4AF8-85E7-D9D7B5579168}.Debug|Any CPU.Build.0 = Debug|Any CPU
		{316D6968-EF59-4AF8-85E7-D9D7B5579168}.Release|Any CPU.ActiveCfg = Release|Any CPU
		{316D6968-EF59-4AF8-85E7-D9D7B5579168}.Release|Any CPU.Build.0 = Release|Any CPU
	EndGlobalSection
	GlobalSection(SolutionProperties) = preSolution
		HideSolutionNode = FALSE
	EndGlobalSection
	GlobalSection(ExtensibilityGlobals) = postSolution
		SolutionGuid = {D6F8978E-436B-4BBA-B2F3-AF50042C5256}
	EndGlobalSection
EndGlobal
